// !$*UTF8*$!
{
	archiveVersion = 1;
	classes = {
	};
	objectVersion = 46;
	objects = {

/* Begin PBXBuildFile section */
		5FED908E70DA2504B9781760 /* libPods.a in Frameworks */ = {isa = PBXBuildFile; fileRef = A47B8A9AF72B921493AE3042 /* libPods.a */; };
		F60BEE001CCEF82D00EB6C1A /* LCGNewsCell.m in Sources */ = {isa = PBXBuildFile; fileRef = F60BEDFF1CCEF82D00EB6C1A /* LCGNewsCell.m */; };
		F60BEE031CCF0E6200EB6C1A /* LCGNewsImageModel.m in Sources */ = {isa = PBXBuildFile; fileRef = F60BEE021CCF0E6200EB6C1A /* LCGNewsImageModel.m */; };
		F60BEE051CCF1DBE00EB6C1A /* topic_news.json in Resources */ = {isa = PBXBuildFile; fileRef = F60BEE041CCF1DBE00EB6C1A /* topic_news.json */; };
		F61FD1511CCE6A3F0019118F /* LCGNewsModel.m in Sources */ = {isa = PBXBuildFile; fileRef = F61FD1501CCE6A3F0019118F /* LCGNewsModel.m */; };
		F625F6341CC9DEEC00744AF5 /* LCGHTTPManager.m in Sources */ = {isa = PBXBuildFile; fileRef = F625F6331CC9DEEC00744AF5 /* LCGHTTPManager.m */; };
		F642E05B1CCE72D900F848F8 /* LCGNewsController.m in Sources */ = {isa = PBXBuildFile; fileRef = F642E05A1CCE72D900F848F8 /* LCGNewsController.m */; };
		F642E05F1CCE764200F848F8 /* NSObject+Log.m in Sources */ = {isa = PBXBuildFile; fileRef = F642E05E1CCE764200F848F8 /* NSObject+Log.m */; };
		F6695EC81CC91C3700A917B0 /* main.m in Sources */ = {isa = PBXBuildFile; fileRef = F6695EC71CC91C3700A917B0 /* main.m */; };
		F6695ECB1CC91C3700A917B0 /* AppDelegate.m in Sources */ = {isa = PBXBuildFile; fileRef = F6695ECA1CC91C3700A917B0 /* AppDelegate.m */; };
		F6695ED31CC91C3700A917B0 /* Assets.xcassets in Resources */ = {isa = PBXBuildFile; fileRef = F6695ED21CC91C3700A917B0 /* Assets.xcassets */; };
		F6695ED61CC91C3700A917B0 /* LaunchScreen.storyboard in Resources */ = {isa = PBXBuildFile; fileRef = F6695ED41CC91C3700A917B0 /* LaunchScreen.storyboard */; };
		F6695EE11CC91C3700A917B0 /* ____Tests.m in Sources */ = {isa = PBXBuildFile; fileRef = F6695EE01CC91C3700A917B0 /* ____Tests.m */; };
		F6695EEC1CC91C3700A917B0 /* ____UITests.m in Sources */ = {isa = PBXBuildFile; fileRef = F6695EEB1CC91C3700A917B0 /* ____UITests.m */; };
		F66F6A4A1CC9C27600470FB3 /* News.storyboard in Resources */ = {isa = PBXBuildFile; fileRef = F66F6A491CC9C27600470FB3 /* News.storyboard */; };
		F66F6A4D1CC9C2F500470FB3 /* LCGHeadLineController.m in Sources */ = {isa = PBXBuildFile; fileRef = F66F6A4C1CC9C2F500470FB3 /* LCGHeadLineController.m */; };
		F66F6A501CC9C83300470FB3 /* LCGHeadLineCell.m in Sources */ = {isa = PBXBuildFile; fileRef = F66F6A4F1CC9C83300470FB3 /* LCGHeadLineCell.m */; };
		F6EF40201CC9E1C8006331A8 /* LCGApiManager.m in Sources */ = {isa = PBXBuildFile; fileRef = F6EF401F1CC9E1C8006331A8 /* LCGApiManager.m */; };
		F6EF40271CCA1E76006331A8 /* LCGHeadLineModel.m in Sources */ = {isa = PBXBuildFile; fileRef = F6EF40261CCA1E76006331A8 /* LCGHeadLineModel.m */; };
/* End PBXBuildFile section */

/* Begin PBXContainerItemProxy section */
		F6695EDD1CC91C3700A917B0 /* PBXContainerItemProxy */ = {
			isa = PBXContainerItemProxy;
			containerPortal = F6695EBB1CC91C3700A917B0 /* Project object */;
			proxyType = 1;
			remoteGlobalIDString = F6695EC21CC91C3700A917B0;
			remoteInfo = "网易新闻";
		};
		F6695EE81CC91C3700A917B0 /* PBXContainerItemProxy */ = {
			isa = PBXContainerItemProxy;
			containerPortal = F6695EBB1CC91C3700A917B0 /* Project object */;
			proxyType = 1;
			remoteGlobalIDString = F6695EC21CC91C3700A917B0;
			remoteInfo = "网易新闻";
		};
/* End PBXContainerItemProxy section */

/* Begin PBXFileReference section */
		346F0AD842D120F232690ABC /* Pods.debug.xcconfig */ = {isa = PBXFileReference; includeInIndex = 1; lastKnownFileType = text.xcconfig; name = Pods.debug.xcconfig; path = "Pods/Target Support Files/Pods/Pods.debug.xcconfig"; sourceTree = "<group>"; };
		A47B8A9AF72B921493AE3042 /* libPods.a */ = {isa = PBXFileReference; explicitFileType = archive.ar; includeInIndex = 0; path = libPods.a; sourceTree = BUILT_PRODUCTS_DIR; };
		E290866D2141735E2CB62B00 /* Pods.release.xcconfig */ = {isa = PBXFileReference; includeInIndex = 1; lastKnownFileType = text.xcconfig; name = Pods.release.xcconfig; path = "Pods/Target Support Files/Pods/Pods.release.xcconfig"; sourceTree = "<group>"; };
		F60BEDFE1CCEF82D00EB6C1A /* LCGNewsCell.h */ = {isa = PBXFileReference; fileEncoding = 4; lastKnownFileType = sourcecode.c.h; path = LCGNewsCell.h; sourceTree = "<group>"; };
		F60BEDFF1CCEF82D00EB6C1A /* LCGNewsCell.m */ = {isa = PBXFileReference; fileEncoding = 4; lastKnownFileType = sourcecode.c.objc; path = LCGNewsCell.m; sourceTree = "<group>"; };
		F60BEE011CCF0E6200EB6C1A /* LCGNewsImageModel.h */ = {isa = PBXFileReference; fileEncoding = 4; lastKnownFileType = sourcecode.c.h; path = LCGNewsImageModel.h; sourceTree = "<group>"; };
		F60BEE021CCF0E6200EB6C1A /* LCGNewsImageModel.m */ = {isa = PBXFileReference; fileEncoding = 4; lastKnownFileType = sourcecode.c.objc; path = LCGNewsImageModel.m; sourceTree = "<group>"; };
		F60BEE041CCF1DBE00EB6C1A /* topic_news.json */ = {isa = PBXFileReference; fileEncoding = 4; lastKnownFileType = text.json; path = topic_news.json; sourceTree = "<group>"; };
		F61FD14F1CCE6A3F0019118F /* LCGNewsModel.h */ = {isa = PBXFileReference; fileEncoding = 4; lastKnownFileType = sourcecode.c.h; path = LCGNewsModel.h; sourceTree = "<group>"; };
		F61FD1501CCE6A3F0019118F /* LCGNewsModel.m */ = {isa = PBXFileReference; fileEncoding = 4; lastKnownFileType = sourcecode.c.objc; path = LCGNewsModel.m; sourceTree = "<group>"; };
		F625F6321CC9DEEC00744AF5 /* LCGHTTPManager.h */ = {isa = PBXFileReference; fileEncoding = 4; lastKnownFileType = sourcecode.c.h; path = LCGHTTPManager.h; sourceTree = "<group>"; };
		F625F6331CC9DEEC00744AF5 /* LCGHTTPManager.m */ = {isa = PBXFileReference; fileEncoding = 4; lastKnownFileType = sourcecode.c.objc; path = LCGHTTPManager.m; sourceTree = "<group>"; };
		F642E0591CCE72D900F848F8 /* LCGNewsController.h */ = {isa = PBXFileReference; fileEncoding = 4; lastKnownFileType = sourcecode.c.h; path = LCGNewsController.h; sourceTree = "<group>"; };
		F642E05A1CCE72D900F848F8 /* LCGNewsController.m */ = {isa = PBXFileReference; fileEncoding = 4; lastKnownFileType = sourcecode.c.objc; path = LCGNewsController.m; sourceTree = "<group>"; };
		F642E05D1CCE764200F848F8 /* NSObject+Log.h */ = {isa = PBXFileReference; fileEncoding = 4; lastKnownFileType = sourcecode.c.h; path = "NSObject+Log.h"; sourceTree = "<group>"; };
		F642E05E1CCE764200F848F8 /* NSObject+Log.m */ = {isa = PBXFileReference; fileEncoding = 4; lastKnownFileType = sourcecode.c.objc; path = "NSObject+Log.m"; sourceTree = "<group>"; };
		F6695EC31CC91C3700A917B0 /* 网易新闻.app */ = {isa = PBXFileReference; explicitFileType = wrapper.application; includeInIndex = 0; path = "网易新闻.app"; sourceTree = BUILT_PRODUCTS_DIR; };
		F6695EC71CC91C3700A917B0 /* main.m */ = {isa = PBXFileReference; lastKnownFileType = sourcecode.c.objc; path = main.m; sourceTree = "<group>"; };
		F6695EC91CC91C3700A917B0 /* AppDelegate.h */ = {isa = PBXFileReference; lastKnownFileType = sourcecode.c.h; path = AppDelegate.h; sourceTree = "<group>"; };
		F6695ECA1CC91C3700A917B0 /* AppDelegate.m */ = {isa = PBXFileReference; lastKnownFileType = sourcecode.c.objc; path = AppDelegate.m; sourceTree = "<group>"; };
		F6695ED21CC91C3700A917B0 /* Assets.xcassets */ = {isa = PBXFileReference; lastKnownFileType = folder.assetcatalog; path = Assets.xcassets; sourceTree = "<group>"; };
		F6695ED51CC91C3700A917B0 /* Base */ = {isa = PBXFileReference; lastKnownFileType = file.storyboard; name = Base; path = Base.lproj/LaunchScreen.storyboard; sourceTree = "<group>"; };
		F6695ED71CC91C3700A917B0 /* Info.plist */ = {isa = PBXFileReference; lastKnownFileType = text.plist.xml; path = Info.plist; sourceTree = "<group>"; };
		F6695EDC1CC91C3700A917B0 /* 网易新闻Tests.xctest */ = {isa = PBXFileReference; explicitFileType = wrapper.cfbundle; includeInIndex = 0; path = "网易新闻Tests.xctest"; sourceTree = BUILT_PRODUCTS_DIR; };
		F6695EE01CC91C3700A917B0 /* ____Tests.m */ = {isa = PBXFileReference; lastKnownFileType = sourcecode.c.objc; path = "____Tests.m"; sourceTree = "<group>"; };
		F6695EE21CC91C3700A917B0 /* Info.plist */ = {isa = PBXFileReference; lastKnownFileType = text.plist.xml; path = Info.plist; sourceTree = "<group>"; };
		F6695EE71CC91C3700A917B0 /* 网易新闻UITests.xctest */ = {isa = PBXFileReference; explicitFileType = wrapper.cfbundle; includeInIndex = 0; path = "网易新闻UITests.xctest"; sourceTree = BUILT_PRODUCTS_DIR; };
		F6695EEB1CC91C3700A917B0 /* ____UITests.m */ = {isa = PBXFileReference; lastKnownFileType = sourcecode.c.objc; path = "____UITests.m"; sourceTree = "<group>"; };
		F6695EED1CC91C3700A917B0 /* Info.plist */ = {isa = PBXFileReference; lastKnownFileType = text.plist.xml; path = Info.plist; sourceTree = "<group>"; };
		F66F6A491CC9C27600470FB3 /* News.storyboard */ = {isa = PBXFileReference; fileEncoding = 4; lastKnownFileType = file.storyboard; path = News.storyboard; sourceTree = "<group>"; };
		F66F6A4B1CC9C2F500470FB3 /* LCGHeadLineController.h */ = {isa = PBXFileReference; fileEncoding = 4; lastKnownFileType = sourcecode.c.h; path = LCGHeadLineController.h; sourceTree = "<group>"; };
		F66F6A4C1CC9C2F500470FB3 /* LCGHeadLineController.m */ = {isa = PBXFileReference; fileEncoding = 4; lastKnownFileType = sourcecode.c.objc; path = LCGHeadLineController.m; sourceTree = "<group>"; };
		F66F6A4E1CC9C83300470FB3 /* LCGHeadLineCell.h */ = {isa = PBXFileReference; fileEncoding = 4; lastKnownFileType = sourcecode.c.h; path = LCGHeadLineCell.h; sourceTree = "<group>"; };
		F66F6A4F1CC9C83300470FB3 /* LCGHeadLineCell.m */ = {isa = PBXFileReference; fileEncoding = 4; lastKnownFileType = sourcecode.c.objc; path = LCGHeadLineCell.m; sourceTree = "<group>"; };
		F6EF401E1CC9E1C8006331A8 /* LCGApiManager.h */ = {isa = PBXFileReference; fileEncoding = 4; lastKnownFileType = sourcecode.c.h; path = LCGApiManager.h; sourceTree = "<group>"; };
		F6EF401F1CC9E1C8006331A8 /* LCGApiManager.m */ = {isa = PBXFileReference; fileEncoding = 4; lastKnownFileType = sourcecode.c.objc; path = LCGApiManager.m; sourceTree = "<group>"; };
		F6EF40251CCA1E76006331A8 /* LCGHeadLineModel.h */ = {isa = PBXFileReference; fileEncoding = 4; lastKnownFileType = sourcecode.c.h; path = LCGHeadLineModel.h; sourceTree = "<group>"; };
		F6EF40261CCA1E76006331A8 /* LCGHeadLineModel.m */ = {isa = PBXFileReference; fileEncoding = 4; lastKnownFileType = sourcecode.c.objc; path = LCGHeadLineModel.m; sourceTree = "<group>"; };
/* End PBXFileReference section */

/* Begin PBXFrameworksBuildPhase section */
		F6695EC01CC91C3700A917B0 /* Frameworks */ = {
			isa = PBXFrameworksBuildPhase;
			buildActionMask = 2147483647;
			files = (
				5FED908E70DA2504B9781760 /* libPods.a in Frameworks */,
			);
			runOnlyForDeploymentPostprocessing = 0;
		};
		F6695ED91CC91C3700A917B0 /* Frameworks */ = {
			isa = PBXFrameworksBuildPhase;
			buildActionMask = 2147483647;
			files = (
			);
			runOnlyForDeploymentPostprocessing = 0;
		};
		F6695EE41CC91C3700A917B0 /* Frameworks */ = {
			isa = PBXFrameworksBuildPhase;
			buildActionMask = 2147483647;
			files = (
			);
			runOnlyForDeploymentPostprocessing = 0;
		};
/* End PBXFrameworksBuildPhase section */

/* Begin PBXGroup section */
		00DDB79A16FA83505B5EF08E /* Frameworks */ = {
			isa = PBXGroup;
			children = (
				A47B8A9AF72B921493AE3042 /* libPods.a */,
			);
			name = Frameworks;
			sourceTree = "<group>";
		};
		3F8E8CE09754625BD4BD3A45 /* Pods */ = {
			isa = PBXGroup;
			children = (
				346F0AD842D120F232690ABC /* Pods.debug.xcconfig */,
				E290866D2141735E2CB62B00 /* Pods.release.xcconfig */,
			);
			name = Pods;
			sourceTree = "<group>";
		};
		F625F6311CC9DECA00744AF5 /* Tools */ = {
			isa = PBXGroup;
			children = (
				F642E05C1CCE764200F848F8 /* Log */,
				F625F6321CC9DEEC00744AF5 /* LCGHTTPManager.h */,
				F625F6331CC9DEEC00744AF5 /* LCGHTTPManager.m */,
				F6EF401E1CC9E1C8006331A8 /* LCGApiManager.h */,
				F6EF401F1CC9E1C8006331A8 /* LCGApiManager.m */,
			);
			path = Tools;
			sourceTree = "<group>";
		};
		F642E05C1CCE764200F848F8 /* Log */ = {
			isa = PBXGroup;
			children = (
				F642E05D1CCE764200F848F8 /* NSObject+Log.h */,
				F642E05E1CCE764200F848F8 /* NSObject+Log.m */,
			);
			path = Log;
			sourceTree = "<group>";
		};
		F6695EBA1CC91C3700A917B0 = {
			isa = PBXGroup;
			children = (
				F6695EC51CC91C3700A917B0 /* 网易新闻 */,
				F6695EDF1CC91C3700A917B0 /* 网易新闻Tests */,
				F6695EEA1CC91C3700A917B0 /* 网易新闻UITests */,
				F6695EC41CC91C3700A917B0 /* Products */,
				3F8E8CE09754625BD4BD3A45 /* Pods */,
				00DDB79A16FA83505B5EF08E /* Frameworks */,
			);
			sourceTree = "<group>";
		};
		F6695EC41CC91C3700A917B0 /* Products */ = {
			isa = PBXGroup;
			children = (
				F6695EC31CC91C3700A917B0 /* 网易新闻.app */,
				F6695EDC1CC91C3700A917B0 /* 网易新闻Tests.xctest */,
				F6695EE71CC91C3700A917B0 /* 网易新闻UITests.xctest */,
			);
			name = Products;
			sourceTree = "<group>";
		};
		F6695EC51CC91C3700A917B0 /* 网易新闻 */ = {
			isa = PBXGroup;
			children = (
				F625F6311CC9DECA00744AF5 /* Tools */,
				F66F6A451CC9C25100470FB3 /* News */,
				F6695EC91CC91C3700A917B0 /* AppDelegate.h */,
				F6695ECA1CC91C3700A917B0 /* AppDelegate.m */,
				F6695ED21CC91C3700A917B0 /* Assets.xcassets */,
				F6695ED41CC91C3700A917B0 /* LaunchScreen.storyboard */,
				F6695ED71CC91C3700A917B0 /* Info.plist */,
				F6695EC61CC91C3700A917B0 /* Supporting Files */,
			);
			path = "网易新闻";
			sourceTree = "<group>";
		};
		F6695EC61CC91C3700A917B0 /* Supporting Files */ = {
			isa = PBXGroup;
			children = (
				F60BEE041CCF1DBE00EB6C1A /* topic_news.json */,
				F6695EC71CC91C3700A917B0 /* main.m */,
			);
			name = "Supporting Files";
			sourceTree = "<group>";
		};
		F6695EDF1CC91C3700A917B0 /* 网易新闻Tests */ = {
			isa = PBXGroup;
			children = (
				F6695EE01CC91C3700A917B0 /* ____Tests.m */,
				F6695EE21CC91C3700A917B0 /* Info.plist */,
			);
			path = "网易新闻Tests";
			sourceTree = "<group>";
		};
		F6695EEA1CC91C3700A917B0 /* 网易新闻UITests */ = {
			isa = PBXGroup;
			children = (
				F6695EEB1CC91C3700A917B0 /* ____UITests.m */,
				F6695EED1CC91C3700A917B0 /* Info.plist */,
			);
			path = "网易新闻UITests";
			sourceTree = "<group>";
		};
		F66F6A451CC9C25100470FB3 /* News */ = {
			isa = PBXGroup;
			children = (
				F66F6A461CC9C25100470FB3 /* Controller */,
				F66F6A471CC9C25100470FB3 /* Model */,
				F66F6A481CC9C25100470FB3 /* View */,
			);
			path = News;
			sourceTree = "<group>";
		};
		F66F6A461CC9C25100470FB3 /* Controller */ = {
			isa = PBXGroup;
			children = (
				F66F6A4B1CC9C2F500470FB3 /* LCGHeadLineController.h */,
				F66F6A4C1CC9C2F500470FB3 /* LCGHeadLineController.m */,
				F642E0591CCE72D900F848F8 /* LCGNewsController.h */,
				F642E05A1CCE72D900F848F8 /* LCGNewsController.m */,
			);
			path = Controller;
			sourceTree = "<group>";
		};
		F66F6A471CC9C25100470FB3 /* Model */ = {
			isa = PBXGroup;
			children = (
				F6EF40251CCA1E76006331A8 /* LCGHeadLineModel.h */,
				F6EF40261CCA1E76006331A8 /* LCGHeadLineModel.m */,
				F61FD14F1CCE6A3F0019118F /* LCGNewsModel.h */,
				F61FD1501CCE6A3F0019118F /* LCGNewsModel.m */,
				F60BEE011CCF0E6200EB6C1A /* LCGNewsImageModel.h */,
				F60BEE021CCF0E6200EB6C1A /* LCGNewsImageModel.m */,
			);
			path = Model;
			sourceTree = "<group>";
		};
		F66F6A481CC9C25100470FB3 /* View */ = {
			isa = PBXGroup;
			children = (
				F66F6A491CC9C27600470FB3 /* News.storyboard */,
				F60BEDFE1CCEF82D00EB6C1A /* LCGNewsCell.h */,
				F60BEDFF1CCEF82D00EB6C1A /* LCGNewsCell.m */,
				F66F6A4E1CC9C83300470FB3 /* LCGHeadLineCell.h */,
				F66F6A4F1CC9C83300470FB3 /* LCGHeadLineCell.m */,
			);
			path = View;
			sourceTree = "<group>";
		};
/* End PBXGroup section */

/* Begin PBXNativeTarget section */
		F6695EC21CC91C3700A917B0 /* 网易新闻 */ = {
			isa = PBXNativeTarget;
			buildConfigurationList = F6695EF01CC91C3700A917B0 /* Build configuration list for PBXNativeTarget "网易新闻" */;
			buildPhases = (
				B2FAB046D364E564EE3392E3 /* Check Pods Manifest.lock */,
				F6695EBF1CC91C3700A917B0 /* Sources */,
				F6695EC01CC91C3700A917B0 /* Frameworks */,
				F6695EC11CC91C3700A917B0 /* Resources */,
				0075064CFD7E703AD98033BA /* Embed Pods Frameworks */,
				94B6A10203C010DA070A6661 /* Copy Pods Resources */,
			);
			buildRules = (
			);
			dependencies = (
			);
			name = "网易新闻";
			productName = "网易新闻";
			productReference = F6695EC31CC91C3700A917B0 /* 网易新闻.app */;
			productType = "com.apple.product-type.application";
		};
		F6695EDB1CC91C3700A917B0 /* 网易新闻Tests */ = {
			isa = PBXNativeTarget;
			buildConfigurationList = F6695EF31CC91C3700A917B0 /* Build configuration list for PBXNativeTarget "网易新闻Tests" */;
			buildPhases = (
				F6695ED81CC91C3700A917B0 /* Sources */,
				F6695ED91CC91C3700A917B0 /* Frameworks */,
				F6695EDA1CC91C3700A917B0 /* Resources */,
			);
			buildRules = (
			);
			dependencies = (
				F6695EDE1CC91C3700A917B0 /* PBXTargetDependency */,
			);
			name = "网易新闻Tests";
			productName = "网易新闻Tests";
			productReference = F6695EDC1CC91C3700A917B0 /* 网易新闻Tests.xctest */;
			productType = "com.apple.product-type.bundle.unit-test";
		};
		F6695EE61CC91C3700A917B0 /* 网易新闻UITests */ = {
			isa = PBXNativeTarget;
			buildConfigurationList = F6695EF61CC91C3700A917B0 /* Build configuration list for PBXNativeTarget "网易新闻UITests" */;
			buildPhases = (
				F6695EE31CC91C3700A917B0 /* Sources */,
				F6695EE41CC91C3700A917B0 /* Frameworks */,
				F6695EE51CC91C3700A917B0 /* Resources */,
			);
			buildRules = (
			);
			dependencies = (
				F6695EE91CC91C3700A917B0 /* PBXTargetDependency */,
			);
			name = "网易新闻UITests";
			productName = "网易新闻UITests";
			productReference = F6695EE71CC91C3700A917B0 /* 网易新闻UITests.xctest */;
			productType = "com.apple.product-type.bundle.ui-testing";
		};
/* End PBXNativeTarget section */

/* Begin PBXProject section */
		F6695EBB1CC91C3700A917B0 /* Project object */ = {
			isa = PBXProject;
			attributes = {
				CLASSPREFIX = LCG;
				LastUpgradeCheck = 0730;
				ORGANIZATIONNAME = Wistaria;
				TargetAttributes = {
					F6695EC21CC91C3700A917B0 = {
						CreatedOnToolsVersion = 7.3;
						DevelopmentTeam = 4SYHN34GLY;
					};
					F6695EDB1CC91C3700A917B0 = {
						CreatedOnToolsVersion = 7.3;
						DevelopmentTeam = 4SYHN34GLY;
						TestTargetID = F6695EC21CC91C3700A917B0;
					};
					F6695EE61CC91C3700A917B0 = {
						CreatedOnToolsVersion = 7.3;
						DevelopmentTeam = 4SYHN34GLY;
						TestTargetID = F6695EC21CC91C3700A917B0;
					};
				};
			};
			buildConfigurationList = F6695EBE1CC91C3700A917B0 /* Build configuration list for PBXProject "网易新闻" */;
			compatibilityVersion = "Xcode 3.2";
			developmentRegion = English;
			hasScannedForEncodings = 0;
			knownRegions = (
				en,
				Base,
			);
			mainGroup = F6695EBA1CC91C3700A917B0;
			productRefGroup = F6695EC41CC91C3700A917B0 /* Products */;
			projectDirPath = "";
			projectRoot = "";
			targets = (
				F6695EC21CC91C3700A917B0 /* 网易新闻 */,
				F6695EDB1CC91C3700A917B0 /* 网易新闻Tests */,
				F6695EE61CC91C3700A917B0 /* 网易新闻UITests */,
			);
		};
/* End PBXProject section */

/* Begin PBXResourcesBuildPhase section */
		F6695EC11CC91C3700A917B0 /* Resources */ = {
			isa = PBXResourcesBuildPhase;
			buildActionMask = 2147483647;
			files = (
				F6695ED61CC91C3700A917B0 /* LaunchScreen.storyboard in Resources */,
				F66F6A4A1CC9C27600470FB3 /* News.storyboard in Resources */,
				F60BEE051CCF1DBE00EB6C1A /* topic_news.json in Resources */,
				F6695ED31CC91C3700A917B0 /* Assets.xcassets in Resources */,
			);
			runOnlyForDeploymentPostprocessing = 0;
		};
		F6695EDA1CC91C3700A917B0 /* Resources */ = {
			isa = PBXResourcesBuildPhase;
			buildActionMask = 2147483647;
			files = (
			);
			runOnlyForDeploymentPostprocessing = 0;
		};
		F6695EE51CC91C3700A917B0 /* Resources */ = {
			isa = PBXResourcesBuildPhase;
			buildActionMask = 2147483647;
			files = (
			);
			runOnlyForDeploymentPostprocessing = 0;
		};
/* End PBXResourcesBuildPhase section */

/* Begin PBXShellScriptBuildPhase section */
		0075064CFD7E703AD98033BA /* Embed Pods Frameworks */ = {
			isa = PBXShellScriptBuildPhase;
			buildActionMask = 2147483647;
			files = (
			);
			inputPaths = (
			);
			name = "Embed Pods Frameworks";
			outputPaths = (
			);
			runOnlyForDeploymentPostprocessing = 0;
			shellPath = /bin/sh;
			shellScript = "\"${SRCROOT}/Pods/Target Support Files/Pods/Pods-frameworks.sh\"\n";
			showEnvVarsInLog = 0;
		};
		94B6A10203C010DA070A6661 /* Copy Pods Resources */ = {
			isa = PBXShellScriptBuildPhase;
			buildActionMask = 2147483647;
			files = (
			);
			inputPaths = (
			);
			name = "Copy Pods Resources";
			outputPaths = (
			);
			runOnlyForDeploymentPostprocessing = 0;
			shellPath = /bin/sh;
			shellScript = "\"${SRCROOT}/Pods/Target Support Files/Pods/Pods-resources.sh\"\n";
			showEnvVarsInLog = 0;
		};
		B2FAB046D364E564EE3392E3 /* Check Pods Manifest.lock */ = {
			isa = PBXShellScriptBuildPhase;
			buildActionMask = 2147483647;
			files = (
			);
			inputPaths = (
			);
			name = "Check Pods Manifest.lock";
			outputPaths = (
			);
			runOnlyForDeploymentPostprocessing = 0;
			shellPath = /bin/sh;
			shellScript = "diff \"${PODS_ROOT}/../Podfile.lock\" \"${PODS_ROOT}/Manifest.lock\" > /dev/null\nif [[ $? != 0 ]] ; then\n    cat << EOM\nerror: The sandbox is not in sync with the Podfile.lock. Run 'pod install' or update your CocoaPods installation.\nEOM\n    exit 1\nfi\n";
			showEnvVarsInLog = 0;
		};
/* End PBXShellScriptBuildPhase section */

/* Begin PBXSourcesBuildPhase section */
		F6695EBF1CC91C3700A917B0 /* Sources */ = {
			isa = PBXSourcesBuildPhase;
			buildActionMask = 2147483647;
			files = (
				F625F6341CC9DEEC00744AF5 /* LCGHTTPManager.m in Sources */,
				F642E05B1CCE72D900F848F8 /* LCGNewsController.m in Sources */,
				F642E05F1CCE764200F848F8 /* NSObject+Log.m in Sources */,
				F6EF40271CCA1E76006331A8 /* LCGHeadLineModel.m in Sources */,
				F66F6A501CC9C83300470FB3 /* LCGHeadLineCell.m in Sources */,
				F6695ECB1CC91C3700A917B0 /* AppDelegate.m in Sources */,
				F66F6A4D1CC9C2F500470FB3 /* LCGHeadLineController.m in Sources */,
				F60BEE001CCEF82D00EB6C1A /* LCGNewsCell.m in Sources */,
				F61FD1511CCE6A3F0019118F /* LCGNewsModel.m in Sources */,
				F60BEE031CCF0E6200EB6C1A /* LCGNewsImageModel.m in Sources */,
				F6695EC81CC91C3700A917B0 /* main.m in Sources */,
				F6EF40201CC9E1C8006331A8 /* LCGApiManager.m in Sources */,
			);
			runOnlyForDeploymentPostprocessing = 0;
		};
		F6695ED81CC91C3700A917B0 /* Sources */ = {
			isa = PBXSourcesBuildPhase;
			buildActionMask = 2147483647;
			files = (
				F6695EE11CC91C3700A917B0 /* ____Tests.m in Sources */,
			);
			runOnlyForDeploymentPostprocessing = 0;
		};
		F6695EE31CC91C3700A917B0 /* Sources */ = {
			isa = PBXSourcesBuildPhase;
			buildActionMask = 2147483647;
			files = (
				F6695EEC1CC91C3700A917B0 /* ____UITests.m in Sources */,
			);
			runOnlyForDeploymentPostprocessing = 0;
		};
/* End PBXSourcesBuildPhase section */

/* Begin PBXTargetDependency section */
		F6695EDE1CC91C3700A917B0 /* PBXTargetDependency */ = {
			isa = PBXTargetDependency;
			target = F6695EC21CC91C3700A917B0 /* 网易新闻 */;
			targetProxy = F6695EDD1CC91C3700A917B0 /* PBXContainerItemProxy */;
		};
		F6695EE91CC91C3700A917B0 /* PBXTargetDependency */ = {
			isa = PBXTargetDependency;
			target = F6695EC21CC91C3700A917B0 /* 网易新闻 */;
			targetProxy = F6695EE81CC91C3700A917B0 /* PBXContainerItemProxy */;
		};
/* End PBXTargetDependency section */

/* Begin PBXVariantGroup section */
		F6695ED41CC91C3700A917B0 /* LaunchScreen.storyboard */ = {
			isa = PBXVariantGroup;
			children = (
				F6695ED51CC91C3700A917B0 /* Base */,
			);
			name = LaunchScreen.storyboard;
			sourceTree = "<group>";
		};
/* End PBXVariantGroup section */

/* Begin XCBuildConfiguration section */
		F6695EEE1CC91C3700A917B0 /* Debug */ = {
			isa = XCBuildConfiguration;
			buildSettings = {
				ALWAYS_SEARCH_USER_PATHS = NO;
				CLANG_ANALYZER_NONNULL = YES;
				CLANG_CXX_LANGUAGE_STANDARD = "gnu++0x";
				CLANG_CXX_LIBRARY = "libc++";
				CLANG_ENABLE_MODULES = YES;
				CLANG_ENABLE_OBJC_ARC = YES;
				CLANG_WARN_BOOL_CONVERSION = YES;
				CLANG_WARN_CONSTANT_CONVERSION = YES;
				CLANG_WARN_DIRECT_OBJC_ISA_USAGE = YES_ERROR;
				CLANG_WARN_EMPTY_BODY = YES;
				CLANG_WARN_ENUM_CONVERSION = YES;
				CLANG_WARN_INT_CONVERSION = YES;
				CLANG_WARN_OBJC_ROOT_CLASS = YES_ERROR;
				CLANG_WARN_UNREACHABLE_CODE = YES;
				CLANG_WARN__DUPLICATE_METHOD_MATCH = YES;
				"CODE_SIGN_IDENTITY[sdk=iphoneos*]" = "iPhone Developer";
				COPY_PHASE_STRIP = NO;
				DEBUG_INFORMATION_FORMAT = dwarf;
				ENABLE_STRICT_OBJC_MSGSEND = YES;
				ENABLE_TESTABILITY = YES;
				GCC_C_LANGUAGE_STANDARD = gnu99;
				GCC_DYNAMIC_NO_PIC = NO;
				GCC_NO_COMMON_BLOCKS = YES;
				GCC_OPTIMIZATION_LEVEL = 0;
				GCC_PREPROCESSOR_DEFINITIONS = (
					"DEBUG=1",
					"$(inherited)",
				);
				GCC_WARN_64_TO_32_BIT_CONVERSION = YES;
				GCC_WARN_ABOUT_RETURN_TYPE = YES_ERROR;
				GCC_WARN_UNDECLARED_SELECTOR = YES;
				GCC_WARN_UNINITIALIZED_AUTOS = YES_AGGRESSIVE;
				GCC_WARN_UNUSED_FUNCTION = YES;
				GCC_WARN_UNUSED_VARIABLE = YES;
				IPHONEOS_DEPLOYMENT_TARGET = 9.3;
				MTL_ENABLE_DEBUG_INFO = YES;
				ONLY_ACTIVE_ARCH = YES;
				SDKROOT = iphoneos;
			};
			name = Debug;
		};
		F6695EEF1CC91C3700A917B0 /* Release */ = {
			isa = XCBuildConfiguration;
			buildSettings = {
				ALWAYS_SEARCH_USER_PATHS = NO;
				CLANG_ANALYZER_NONNULL = YES;
				CLANG_CXX_LANGUAGE_STANDARD = "gnu++0x";
				CLANG_CXX_LIBRARY = "libc++";
				CLANG_ENABLE_MODULES = YES;
				CLANG_ENABLE_OBJC_ARC = YES;
				CLANG_WARN_BOOL_CONVERSION = YES;
				CLANG_WARN_CONSTANT_CONVERSION = YES;
				CLANG_WARN_DIRECT_OBJC_ISA_USAGE = YES_ERROR;
				CLANG_WARN_EMPTY_BODY = YES;
				CLANG_WARN_ENUM_CONVERSION = YES;
				CLANG_WARN_INT_CONVERSION = YES;
				CLANG_WARN_OBJC_ROOT_CLASS = YES_ERROR;
				CLANG_WARN_UNREACHABLE_CODE = YES;
				CLANG_WARN__DUPLICATE_METHOD_MATCH = YES;
				"CODE_SIGN_IDENTITY[sdk=iphoneos*]" = "iPhone Developer";
				COPY_PHASE_STRIP = NO;
				DEBUG_INFORMATION_FORMAT = "dwarf-with-dsym";
				ENABLE_NS_ASSERTIONS = NO;
				ENABLE_STRICT_OBJC_MSGSEND = YES;
				GCC_C_LANGUAGE_STANDARD = gnu99;
				GCC_NO_COMMON_BLOCKS = YES;
				GCC_WARN_64_TO_32_BIT_CONVERSION = YES;
				GCC_WARN_ABOUT_RETURN_TYPE = YES_ERROR;
				GCC_WARN_UNDECLARED_SELECTOR = YES;
				GCC_WARN_UNINITIALIZED_AUTOS = YES_AGGRESSIVE;
				GCC_WARN_UNUSED_FUNCTION = YES;
				GCC_WARN_UNUSED_VARIABLE = YES;
				IPHONEOS_DEPLOYMENT_TARGET = 9.3;
				MTL_ENABLE_DEBUG_INFO = NO;
				SDKROOT = iphoneos;
				VALIDATE_PRODUCT = YES;
			};
			name = Release;
		};
		F6695EF11CC91C3700A917B0 /* Debug */ = {
			isa = XCBuildConfiguration;
			baseConfigurationReference = 346F0AD842D120F232690ABC /* Pods.debug.xcconfig */;
			buildSettings = {
				ASSETCATALOG_COMPILER_APPICON_NAME = AppIcon;
				INFOPLIST_FILE = "网易新闻/Info.plist";
				LD_RUNPATH_SEARCH_PATHS = "$(inherited) @executable_path/Frameworks";
				PRODUCT_BUNDLE_IDENTIFIER = "-388.----";
				PRODUCT_NAME = "$(TARGET_NAME)";
			};
			name = Debug;
		};
		F6695EF21CC91C3700A917B0 /* Release */ = {
			isa = XCBuildConfiguration;
			baseConfigurationReference = E290866D2141735E2CB62B00 /* Pods.release.xcconfig */;
			buildSettings = {
				ASSETCATALOG_COMPILER_APPICON_NAME = AppIcon;
				INFOPLIST_FILE = "网易新闻/Info.plist";
				LD_RUNPATH_SEARCH_PATHS = "$(inherited) @executable_path/Frameworks";
				PRODUCT_BUNDLE_IDENTIFIER = "-388.----";
				PRODUCT_NAME = "$(TARGET_NAME)";
			};
			name = Release;
		};
		F6695EF41CC91C3700A917B0 /* Debug */ = {
			isa = XCBuildConfiguration;
			buildSettings = {
				BUNDLE_LOADER = "$(TEST_HOST)";
				INFOPLIST_FILE = "网易新闻Tests/Info.plist";
				LD_RUNPATH_SEARCH_PATHS = "$(inherited) @executable_path/Frameworks @loader_path/Frameworks";
				PRODUCT_BUNDLE_IDENTIFIER = "-388.----Tests";
				PRODUCT_NAME = "$(TARGET_NAME)";
				TEST_HOST = "$(BUILT_PRODUCTS_DIR)/网易新闻.app/网易新闻";
			};
			name = Debug;
		};
		F6695EF51CC91C3700A917B0 /* Release */ = {
			isa = XCBuildConfiguration;
			buildSettings = {
				BUNDLE_LOADER = "$(TEST_HOST)";
				INFOPLIST_FILE = "网易新闻Tests/Info.plist";
				LD_RUNPATH_SEARCH_PATHS = "$(inherited) @executable_path/Frameworks @loader_path/Frameworks";
				PRODUCT_BUNDLE_IDENTIFIER = "-388.----Tests";
				PRODUCT_NAME = "$(TARGET_NAME)";
				TEST_HOST = "$(BUILT_PRODUCTS_DIR)/网易新闻.app/网易新闻";
			};
			name = Release;
		};
		F6695EF71CC91C3700A917B0 /* Debug */ = {
			isa = XCBuildConfiguration;
			buildSettings = {
				INFOPLIST_FILE = "网易新闻UITests/Info.plist";
				LD_RUNPATH_SEARCH_PATHS = "$(inherited) @executable_path/Frameworks @loader_path/Frameworks";
				PRODUCT_BUNDLE_IDENTIFIER = "-388.----UITests";
				PRODUCT_NAME = "$(TARGET_NAME)";
				TEST_TARGET_NAME = "网易新闻";
			};
			name = Debug;
		};
		F6695EF81CC91C3700A917B0 /* Release */ = {
			isa = XCBuildConfiguration;
			buildSettings = {
				INFOPLIST_FILE = "网易新闻UITests/Info.plist";
				LD_RUNPATH_SEARCH_PATHS = "$(inherited) @executable_path/Frameworks @loader_path/Frameworks";
				PRODUCT_BUNDLE_IDENTIFIER = "-388.----UITests";
				PRODUCT_NAME = "$(TARGET_NAME)";
				TEST_TARGET_NAME = "网易新闻";
			};
			name = Release;
		};
/* End XCBuildConfiguration section */

/* Begin XCConfigurationList section */
		F6695EBE1CC91C3700A917B0 /* Build configuration list for PBXProject "网易新闻" */ = {
			isa = XCConfigurationList;
			buildConfigurations = (
				F6695EEE1CC91C3700A917B0 /* Debug */,
				F6695EEF1CC91C3700A917B0 /* Release */,
			);
			defaultConfigurationIsVisible = 0;
			defaultConfigurationName = Release;
		};
		F6695EF01CC91C3700A917B0 /* Build configuration list for PBXNativeTarget "网易新闻" */ = {
			isa = XCConfigurationList;
			buildConfigurations = (
				F6695EF11CC91C3700A917B0 /* Debug */,
				F6695EF21CC91C3700A917B0 /* Release */,
			);
			defaultConfigurationIsVisible = 0;
			defaultConfigurationName = Release;
		};
		F6695EF31CC91C3700A917B0 /* Build configuration list for PBXNativeTarget "网易新闻Tests" */ = {
			isa = XCConfigurationList;
			buildConfigurations = (
				F6695EF41CC91C3700A917B0 /* Debug */,
				F6695EF51CC91C3700A917B0 /* Release */,
			);
			defaultConfigurationIsVisible = 0;
			defaultConfigurationName = Release;
		};
		F6695EF61CC91C3700A917B0 /* Build configuration list for PBXNativeTarget "网易新闻UITests" */ = {
			isa = XCConfigurationList;
			buildConfigurations = (
				F6695EF71CC91C3700A917B0 /* Debug */,
				F6695EF81CC91C3700A917B0 /* Release */,
			);
			defaultConfigurationIsVisible = 0;
			defaultConfigurationName = Release;
		};
/* End XCConfigurationList section */
	};
	rootObject = F6695EBB1CC91C3700A917B0 /* Project object */;
}
